
Microsoft Visual Studio Solution File, Format Version 12.00
# Visual Studio Version 17
VisualStudioVersion = 17.5.33530.505
MinimumVisualStudioVersion = 10.0.40219.1
Project("{9A19103F-16F7-4668-BE54-9A1E7A4F7556}") = "ProductsInventory", "ProductsInventory\ProductsInventory.csproj", "{E7EAD212-DF41-4C88-8E2C-D66112A8F50A}"
EndProject
Project("{9A19103F-16F7-4668-BE54-9A1E7A4F7556}") = "ProductsInventory.API", "ProductsInventory.API\ProductsInventory.API.csproj", "{B3616385-A55E-40C6-9C51-113D553EA008}"
EndProject
Project("{FAE04EC0-301F-11D3-BF4B-00C04F79EFBC}") = "ProductsInventory.Data", "ProductsInventory.Data\ProductsInventory.Data.csproj", "{A3C448D2-00FE-4F31-9B28-839E0D910814}"
EndProject
Project("{FAE04EC0-301F-11D3-BF4B-00C04F79EFBC}") = "ProductsInventory.BLL", "ProductsInventory.BLL\ProductsInventory.BLL.csproj", "{5A7AC4DE-869C-44EE-9699-73EA30DFE3B5}"
EndProject
Global
	GlobalSection(SolutionConfigurationPlatforms) = preSolution
		Debug|Any CPU = Debug|Any CPU
		Release|Any CPU = Release|Any CPU
	EndGlobalSection
	GlobalSection(ProjectConfigurationPlatforms) = postSolution
		{E7EAD212-DF41-4C88-8E2C-D66112A8F50A}.Debug|Any CPU.ActiveCfg = Debug|Any CPU
		{E7EAD212-DF41-4C88-8E2C-D66112A8F50A}.Debug|Any CPU.Build.0 = Debug|Any CPU
		{E7EAD212-DF41-4C88-8E2C-D66112A8F50A}.Release|Any CPU.ActiveCfg = Release|Any CPU
		{E7EAD212-DF41-4C88-8E2C-D66112A8F50A}.Release|Any CPU.Build.0 = Release|Any CPU
		{B3616385-A55E-40C6-9C51-113D553EA008}.Debug|Any CPU.ActiveCfg = Debug|Any CPU
		{B3616385-A55E-40C6-9C51-113D553EA008}.Debug|Any CPU.Build.0 = Debug|Any CPU
		{B3616385-A55E-40C6-9C51-113D553EA008}.Release|Any CPU.ActiveCfg = Release|Any CPU
		{B3616385-A55E-40C6-9C51-113D553EA008}.Release|Any CPU.Build.0 = Release|Any CPU
		{A3C448D2-00FE-4F31-9B28-839E0D910814}.Debug|Any CPU.ActiveCfg = Debug|Any CPU
		{A3C448D2-00FE-4F31-9B28-839E0D910814}.Debug|Any CPU.Build.0 = Debug|Any CPU
		{A3C448D2-00FE-4F31-9B28-839E0D910814}.Release|Any CPU.ActiveCfg = Release|Any CPU
		{A3C448D2-00FE-4F31-9B28-839E0D910814}.Release|Any CPU.Build.0 = Release|Any CPU
		{5A7AC4DE-869C-44EE-9699-73EA30DFE3B5}.Debug|Any CPU.ActiveCfg = Debug|Any CPU
		{5A7AC4DE-869C-44EE-9699-73EA30DFE3B5}.Debug|Any CPU.Build.0 = Debug|Any CPU
		{5A7AC4DE-869C-44EE-9699-73EA30DFE3B5}.Release|Any CPU.ActiveCfg = Release|Any CPU
		{5A7AC4DE-869C-44EE-9699-73EA30DFE3B5}.Release|Any CPU.Build.0 = Release|Any CPU
	EndGlobalSection
	GlobalSection(SolutionProperties) = preSolution
		HideSolutionNode = FALSE
	EndGlobalSection
	GlobalSection(ExtensibilityGlobals) = postSolution
		SolutionGuid = {279A7171-5255-4923-A11A-536AEB069B36}
	EndGlobalSection
EndGlobal
